
Microsoft Visual Studio Solution File, Format Version 12.00
# Visual Studio Version 17
VisualStudioVersion = 17.11.35219.272
MinimumVisualStudioVersion = 10.0.40219.1
Project("{FAE04EC0-301F-11D3-BF4B-00C04F79EFBC}") = "PrimeiraAPI", "PrimeiraAPI\PrimeiraAPI.csproj", "{358AE7AB-A54F-4F85-BFF0-468880B2EDB8}"
EndProject
Global
	GlobalSection(SolutionConfigurationPlatforms) = preSolution
		Debug|Any CPU = Debug|Any CPU
		Release|Any CPU = Release|Any CPU
	EndGlobalSection
	GlobalSection(ProjectConfigurationPlatforms) = postSolution
		{358AE7AB-A54F-4F85-BFF0-468880B2EDB8}.Debug|Any CPU.ActiveCfg = Debug|Any CPU
		{358AE7AB-A54F-4F85-BFF0-468880B2EDB8}.Debug|Any CPU.Build.0 = Debug|Any CPU
		{358AE7AB-A54F-4F85-BFF0-468880B2EDB8}.Release|Any CPU.ActiveCfg = Release|Any CPU
		{358AE7AB-A54F-4F85-BFF0-468880B2EDB8}.Release|Any CPU.Build.0 = Release|Any CPU
	EndGlobalSection
	GlobalSection(SolutionProperties) = preSolution
		HideSolutionNode = FALSE
	EndGlobalSection
	GlobalSection(ExtensibilityGlobals) = postSolution
		SolutionGuid = {B9415602-3112-46BF-BC80-5C061FCE35F5}
	EndGlobalSection
EndGlobal
